// !$*UTF8*$!
{
	archiveVersion = 1;
	classes = {
	};
	objectVersion = 77;
	objects = {

/* Begin PBXBuildFile section */
		CEE5A84A2D5D0E9A0034C90C /* Preview Assets.xcassets in Resources */ = {isa = PBXBuildFile; fileRef = CEE5A82F2D5D0E9A0034C90C /* Preview Assets.xcassets */; };
		CEE5A84B2D5D0E9A0034C90C /* Assets.xcassets in Resources */ = {isa = PBXBuildFile; fileRef = CEE5A8462D5D0E9A0034C90C /* Assets.xcassets */; };
		CEE5A84C2D5D0E9A0034C90C /* MainCoordinator.swift in Sources */ = {isa = PBXBuildFile; fileRef = CEE5A8292D5D0E9A0034C90C /* MainCoordinator.swift */; };
		CEE5A84D2D5D0E9A0034C90C /* ViewModelFactory.swift in Sources */ = {isa = PBXBuildFile; fileRef = CEE5A82B2D5D0E9A0034C90C /* ViewModelFactory.swift */; };
		CEE5A84E2D5D0E9A0034C90C /* TodoTask.swift in Sources */ = {isa = PBXBuildFile; fileRef = CEE5A82D2D5D0E9A0034C90C /* TodoTask.swift */; };
		CEE5A84F2D5D0E9A0034C90C /* TaskService.swift in Sources */ = {isa = PBXBuildFile; fileRef = CEE5A8312D5D0E9A0034C90C /* TaskService.swift */; };
		CEE5A8502D5D0E9A0034C90C /* TaskStorage.swift in Sources */ = {isa = PBXBuildFile; fileRef = CEE5A8332D5D0E9A0034C90C /* TaskStorage.swift */; };
		CEE5A8512D5D0E9A0034C90C /* AnalyticsViewModel.swift in Sources */ = {isa = PBXBuildFile; fileRef = CEE5A8352D5D0E9A0034C90C /* AnalyticsViewModel.swift */; };
		CEE5A8522D5D0E9A0034C90C /* SettingsViewModel.swift in Sources */ = {isa = PBXBuildFile; fileRef = CEE5A8362D5D0E9A0034C90C /* SettingsViewModel.swift */; };
		CEE5A8532D5D0E9A0034C90C /* TaskDetailViewModel.swift in Sources */ = {isa = PBXBuildFile; fileRef = CEE5A8372D5D0E9A0034C90C /* TaskDetailViewModel.swift */; };
		CEE5A8542D5D0E9A0034C90C /* TaskListViewModel.swift in Sources */ = {isa = PBXBuildFile; fileRef = CEE5A8382D5D0E9A0034C90C /* TaskListViewModel.swift */; };
		CEE5A8552D5D0E9A0034C90C /* AnalyticsTab.swift in Sources */ = {isa = PBXBuildFile; fileRef = CEE5A83A2D5D0E9A0034C90C /* AnalyticsTab.swift */; };
		CEE5A8562D5D0E9A0034C90C /* AnalyticsView.swift in Sources */ = {isa = PBXBuildFile; fileRef = CEE5A83B2D5D0E9A0034C90C /* AnalyticsView.swift */; };
		CEE5A8572D5D0E9A0034C90C /* SettingsView.swift in Sources */ = {isa = PBXBuildFile; fileRef = CEE5A83D2D5D0E9A0034C90C /* SettingsView.swift */; };
		CEE5A8582D5D0E9A0034C90C /* TaskDetailView.swift in Sources */ = {isa = PBXBuildFile; fileRef = CEE5A83F2D5D0E9A0034C90C /* TaskDetailView.swift */; };
		CEE5A8592D5D0E9A0034C90C /* TaskListView.swift in Sources */ = {isa = PBXBuildFile; fileRef = CEE5A8402D5D0E9A0034C90C /* TaskListView.swift */; };
		CEE5A85A2D5D0E9A0034C90C /* TaskRowView.swift in Sources */ = {isa = PBXBuildFile; fileRef = CEE5A8412D5D0E9A0034C90C /* TaskRowView.swift */; };
		CEE5A85B2D5D0E9A0034C90C /* TasksTab.swift in Sources */ = {isa = PBXBuildFile; fileRef = CEE5A8422D5D0E9A0034C90C /* TasksTab.swift */; };
		CEE5A85C2D5D0E9A0034C90C /* MainTabView.swift in Sources */ = {isa = PBXBuildFile; fileRef = CEE5A8442D5D0E9A0034C90C /* MainTabView.swift */; };
		CEE5A85E2D5D0E9A0034C90C /* TodoAppApp.swift in Sources */ = {isa = PBXBuildFile; fileRef = CEE5A8482D5D0E9A0034C90C /* TodoAppApp.swift */; };
/* End PBXBuildFile section */

/* Begin PBXContainerItemProxy section */
		CE0D60482D5A16A80001AEEB /* PBXContainerItemProxy */ = {
			isa = PBXContainerItemProxy;
			containerPortal = CE0D602F2D5A16A70001AEEB /* Project object */;
			proxyType = 1;
			remoteGlobalIDString = CE0D60362D5A16A70001AEEB;
			remoteInfo = PracticApp;
		};
		CE0D60522D5A16A80001AEEB /* PBXContainerItemProxy */ = {
			isa = PBXContainerItemProxy;
			containerPortal = CE0D602F2D5A16A70001AEEB /* Project object */;
			proxyType = 1;
			remoteGlobalIDString = CE0D60362D5A16A70001AEEB;
			remoteInfo = PracticApp;
		};
/* End PBXContainerItemProxy section */

/* Begin PBXFileReference section */
		CE0D60372D5A16A70001AEEB /* TodoApp.app */ = {isa = PBXFileReference; explicitFileType = wrapper.application; includeInIndex = 0; path = TodoApp.app; sourceTree = BUILT_PRODUCTS_DIR; };
		CE0D60472D5A16A80001AEEB /* TodoAppTests.xctest */ = {isa = PBXFileReference; explicitFileType = wrapper.cfbundle; includeInIndex = 0; path = TodoAppTests.xctest; sourceTree = BUILT_PRODUCTS_DIR; };
		CE0D60512D5A16A80001AEEB /* TodoAppUITests.xctest */ = {isa = PBXFileReference; explicitFileType = wrapper.cfbundle; includeInIndex = 0; path = TodoAppUITests.xctest; sourceTree = BUILT_PRODUCTS_DIR; };
		CEE5A8292D5D0E9A0034C90C /* MainCoordinator.swift */ = {isa = PBXFileReference; lastKnownFileType = sourcecode.swift; path = MainCoordinator.swift; sourceTree = "<group>"; };
		CEE5A82B2D5D0E9A0034C90C /* ViewModelFactory.swift */ = {isa = PBXFileReference; lastKnownFileType = sourcecode.swift; path = ViewModelFactory.swift; sourceTree = "<group>"; };
		CEE5A82D2D5D0E9A0034C90C /* TodoTask.swift */ = {isa = PBXFileReference; lastKnownFileType = sourcecode.swift; path = TodoTask.swift; sourceTree = "<group>"; };
		CEE5A82F2D5D0E9A0034C90C /* Preview Assets.xcassets */ = {isa = PBXFileReference; lastKnownFileType = folder.assetcatalog; path = "Preview Assets.xcassets"; sourceTree = "<group>"; };
		CEE5A8312D5D0E9A0034C90C /* TaskService.swift */ = {isa = PBXFileReference; lastKnownFileType = sourcecode.swift; path = TaskService.swift; sourceTree = "<group>"; };
		CEE5A8332D5D0E9A0034C90C /* TaskStorage.swift */ = {isa = PBXFileReference; lastKnownFileType = sourcecode.swift; path = TaskStorage.swift; sourceTree = "<group>"; };
		CEE5A8352D5D0E9A0034C90C /* AnalyticsViewModel.swift */ = {isa = PBXFileReference; lastKnownFileType = sourcecode.swift; path = AnalyticsViewModel.swift; sourceTree = "<group>"; };
		CEE5A8362D5D0E9A0034C90C /* SettingsViewModel.swift */ = {isa = PBXFileReference; lastKnownFileType = sourcecode.swift; path = SettingsViewModel.swift; sourceTree = "<group>"; };
		CEE5A8372D5D0E9A0034C90C /* TaskDetailViewModel.swift */ = {isa = PBXFileReference; lastKnownFileType = sourcecode.swift; path = TaskDetailViewModel.swift; sourceTree = "<group>"; };
		CEE5A8382D5D0E9A0034C90C /* TaskListViewModel.swift */ = {isa = PBXFileReference; lastKnownFileType = sourcecode.swift; path = TaskListViewModel.swift; sourceTree = "<group>"; };
		CEE5A83A2D5D0E9A0034C90C /* AnalyticsTab.swift */ = {isa = PBXFileReference; lastKnownFileType = sourcecode.swift; path = AnalyticsTab.swift; sourceTree = "<group>"; };
		CEE5A83B2D5D0E9A0034C90C /* AnalyticsView.swift */ = {isa = PBXFileReference; lastKnownFileType = sourcecode.swift; path = AnalyticsView.swift; sourceTree = "<group>"; };
		CEE5A83D2D5D0E9A0034C90C /* SettingsView.swift */ = {isa = PBXFileReference; lastKnownFileType = sourcecode.swift; path = SettingsView.swift; sourceTree = "<group>"; };
		CEE5A83F2D5D0E9A0034C90C /* TaskDetailView.swift */ = {isa = PBXFileReference; lastKnownFileType = sourcecode.swift; path = TaskDetailView.swift; sourceTree = "<group>"; };
		CEE5A8402D5D0E9A0034C90C /* TaskListView.swift */ = {isa = PBXFileReference; lastKnownFileType = sourcecode.swift; path = TaskListView.swift; sourceTree = "<group>"; };
		CEE5A8412D5D0E9A0034C90C /* TaskRowView.swift */ = {isa = PBXFileReference; lastKnownFileType = sourcecode.swift; path = TaskRowView.swift; sourceTree = "<group>"; };
		CEE5A8422D5D0E9A0034C90C /* TasksTab.swift */ = {isa = PBXFileReference; lastKnownFileType = sourcecode.swift; path = TasksTab.swift; sourceTree = "<group>"; };
		CEE5A8442D5D0E9A0034C90C /* MainTabView.swift */ = {isa = PBXFileReference; lastKnownFileType = sourcecode.swift; path = MainTabView.swift; sourceTree = "<group>"; };
		CEE5A8462D5D0E9A0034C90C /* Assets.xcassets */ = {isa = PBXFileReference; lastKnownFileType = folder.assetcatalog; path = Assets.xcassets; sourceTree = "<group>"; };
		CEE5A8482D5D0E9A0034C90C /* TodoAppApp.swift */ = {isa = PBXFileReference; lastKnownFileType = sourcecode.swift; path = TodoAppApp.swift; sourceTree = "<group>"; };
/* End PBXFileReference section */

/* Begin PBXFileSystemSynchronizedRootGroup section */
		CE0D604A2D5A16A80001AEEB /* TodoAppTests */ = {
			isa = PBXFileSystemSynchronizedRootGroup;
			path = TodoAppTests;
			sourceTree = "<group>";
		};
		CE0D60542D5A16A80001AEEB /* TodoAppUITests */ = {
			isa = PBXFileSystemSynchronizedRootGroup;
			path = TodoAppUITests;
			sourceTree = "<group>";
		};
/* End PBXFileSystemSynchronizedRootGroup section */

/* Begin PBXFrameworksBuildPhase section */
		CE0D60342D5A16A70001AEEB /* Frameworks */ = {
			isa = PBXFrameworksBuildPhase;
			buildActionMask = 2147483647;
			files = (
			);
			runOnlyForDeploymentPostprocessing = 0;
		};
		CE0D60442D5A16A80001AEEB /* Frameworks */ = {
			isa = PBXFrameworksBuildPhase;
			buildActionMask = 2147483647;
			files = (
			);
			runOnlyForDeploymentPostprocessing = 0;
		};
		CE0D604E2D5A16A80001AEEB /* Frameworks */ = {
			isa = PBXFrameworksBuildPhase;
			buildActionMask = 2147483647;
			files = (
			);
			runOnlyForDeploymentPostprocessing = 0;
		};
/* End PBXFrameworksBuildPhase section */

/* Begin PBXGroup section */
		CE0D602E2D5A16A70001AEEB = {
			isa = PBXGroup;
			children = (
				CEE5A8492D5D0E9A0034C90C /* TodoApp */,
				CE0D604A2D5A16A80001AEEB /* TodoAppTests */,
				CE0D60542D5A16A80001AEEB /* TodoAppUITests */,
				CE0D60382D5A16A70001AEEB /* Products */,
			);
			sourceTree = "<group>";
		};
		CE0D60382D5A16A70001AEEB /* Products */ = {
			isa = PBXGroup;
			children = (
				CE0D60372D5A16A70001AEEB /* TodoApp.app */,
				CE0D60472D5A16A80001AEEB /* TodoAppTests.xctest */,
				CE0D60512D5A16A80001AEEB /* TodoAppUITests.xctest */,
			);
			name = Products;
			sourceTree = "<group>";
		};
		CEE5A82A2D5D0E9A0034C90C /* Coordinators */ = {
			isa = PBXGroup;
			children = (
				CEE5A8292D5D0E9A0034C90C /* MainCoordinator.swift */,
			);
			path = Coordinators;
			sourceTree = "<group>";
		};
		CEE5A82C2D5D0E9A0034C90C /* Factories */ = {
			isa = PBXGroup;
			children = (
				CEE5A82B2D5D0E9A0034C90C /* ViewModelFactory.swift */,
			);
			path = Factories;
			sourceTree = "<group>";
		};
		CEE5A82E2D5D0E9A0034C90C /* Models */ = {
			isa = PBXGroup;
			children = (
				CEE5A82D2D5D0E9A0034C90C /* TodoTask.swift */,
			);
			path = Models;
			sourceTree = "<group>";
		};
		CEE5A8302D5D0E9A0034C90C /* Preview Content */ = {
			isa = PBXGroup;
			children = (
				CEE5A82F2D5D0E9A0034C90C /* Preview Assets.xcassets */,
			);
			path = "Preview Content";
			sourceTree = "<group>";
		};
		CEE5A8322D5D0E9A0034C90C /* Services */ = {
			isa = PBXGroup;
			children = (
				CEE5A8312D5D0E9A0034C90C /* TaskService.swift */,
			);
			path = Services;
			sourceTree = "<group>";
		};
		CEE5A8342D5D0E9A0034C90C /* Storage */ = {
			isa = PBXGroup;
			children = (
				CEE5A8332D5D0E9A0034C90C /* TaskStorage.swift */,
			);
			path = Storage;
			sourceTree = "<group>";
		};
		CEE5A8392D5D0E9A0034C90C /* ViewModels */ = {
			isa = PBXGroup;
			children = (
				CEE5A8352D5D0E9A0034C90C /* AnalyticsViewModel.swift */,
				CEE5A8362D5D0E9A0034C90C /* SettingsViewModel.swift */,
				CEE5A8372D5D0E9A0034C90C /* TaskDetailViewModel.swift */,
				CEE5A8382D5D0E9A0034C90C /* TaskListViewModel.swift */,
			);
			path = ViewModels;
			sourceTree = "<group>";
		};
		CEE5A83C2D5D0E9A0034C90C /* AnalyticsTab */ = {
			isa = PBXGroup;
			children = (
				CEE5A83A2D5D0E9A0034C90C /* AnalyticsTab.swift */,
				CEE5A83B2D5D0E9A0034C90C /* AnalyticsView.swift */,
			);
			path = AnalyticsTab;
			sourceTree = "<group>";
		};
		CEE5A83E2D5D0E9A0034C90C /* SettingsTab */ = {
			isa = PBXGroup;
			children = (
				CEE5A83D2D5D0E9A0034C90C /* SettingsView.swift */,
			);
			path = SettingsTab;
			sourceTree = "<group>";
		};
		CEE5A8432D5D0E9A0034C90C /* TasksTab */ = {
			isa = PBXGroup;
			children = (
				CEE5A83F2D5D0E9A0034C90C /* TaskDetailView.swift */,
				CEE5A8402D5D0E9A0034C90C /* TaskListView.swift */,
				CEE5A8412D5D0E9A0034C90C /* TaskRowView.swift */,
				CEE5A8422D5D0E9A0034C90C /* TasksTab.swift */,
			);
			path = TasksTab;
			sourceTree = "<group>";
		};
		CEE5A8452D5D0E9A0034C90C /* Views */ = {
			isa = PBXGroup;
			children = (
				CEE5A83C2D5D0E9A0034C90C /* AnalyticsTab */,
				CEE5A83E2D5D0E9A0034C90C /* SettingsTab */,
				CEE5A8432D5D0E9A0034C90C /* TasksTab */,
				CEE5A8442D5D0E9A0034C90C /* MainTabView.swift */,
			);
			path = Views;
			sourceTree = "<group>";
		};
		CEE5A8492D5D0E9A0034C90C /* TodoApp */ = {
			isa = PBXGroup;
			children = (
				CEE5A82A2D5D0E9A0034C90C /* Coordinators */,
				CEE5A82C2D5D0E9A0034C90C /* Factories */,
				CEE5A82E2D5D0E9A0034C90C /* Models */,
				CEE5A8302D5D0E9A0034C90C /* Preview Content */,
				CEE5A8322D5D0E9A0034C90C /* Services */,
				CEE5A8342D5D0E9A0034C90C /* Storage */,
				CEE5A8392D5D0E9A0034C90C /* ViewModels */,
				CEE5A8452D5D0E9A0034C90C /* Views */,
				CEE5A8462D5D0E9A0034C90C /* Assets.xcassets */,
				CEE5A8482D5D0E9A0034C90C /* TodoAppApp.swift */,
			);
			path = TodoApp;
			sourceTree = "<group>";
		};
/* End PBXGroup section */

/* Begin PBXNativeTarget section */
		CE0D60362D5A16A70001AEEB /* TodoApp */ = {
			isa = PBXNativeTarget;
			buildConfigurationList = CE0D605B2D5A16A80001AEEB /* Build configuration list for PBXNativeTarget "TodoApp" */;
			buildPhases = (
				CE0D60332D5A16A70001AEEB /* Sources */,
				CE0D60342D5A16A70001AEEB /* Frameworks */,
				CE0D60352D5A16A70001AEEB /* Resources */,
			);
			buildRules = (
			);
			dependencies = (
			);
			name = TodoApp;
			packageProductDependencies = (
			);
			productName = PracticApp;
			productReference = CE0D60372D5A16A70001AEEB /* TodoApp.app */;
			productType = "com.apple.product-type.application";
		};
		CE0D60462D5A16A80001AEEB /* TodoAppTests */ = {
			isa = PBXNativeTarget;
			buildConfigurationList = CE0D605E2D5A16A80001AEEB /* Build configuration list for PBXNativeTarget "TodoAppTests" */;
			buildPhases = (
				CE0D60432D5A16A80001AEEB /* Sources */,
				CE0D60442D5A16A80001AEEB /* Frameworks */,
				CE0D60452D5A16A80001AEEB /* Resources */,
			);
			buildRules = (
			);
			dependencies = (
				CE0D60492D5A16A80001AEEB /* PBXTargetDependency */,
			);
			fileSystemSynchronizedGroups = (
				CE0D604A2D5A16A80001AEEB /* TodoAppTests */,
			);
			name = TodoAppTests;
			packageProductDependencies = (
			);
			productName = PracticAppTests;
			productReference = CE0D60472D5A16A80001AEEB /* TodoAppTests.xctest */;
			productType = "com.apple.product-type.bundle.unit-test";
		};
		CE0D60502D5A16A80001AEEB /* TodoAppUITests */ = {
			isa = PBXNativeTarget;
			buildConfigurationList = CE0D60612D5A16A80001AEEB /* Build configuration list for PBXNativeTarget "TodoAppUITests" */;
			buildPhases = (
				CE0D604D2D5A16A80001AEEB /* Sources */,
				CE0D604E2D5A16A80001AEEB /* Frameworks */,
				CE0D604F2D5A16A80001AEEB /* Resources */,
			);
			buildRules = (
			);
			dependencies = (
				CE0D60532D5A16A80001AEEB /* PBXTargetDependency */,
			);
			fileSystemSynchronizedGroups = (
				CE0D60542D5A16A80001AEEB /* TodoAppUITests */,
			);
			name = TodoAppUITests;
			packageProductDependencies = (
			);
			productName = PracticAppUITests;
			productReference = CE0D60512D5A16A80001AEEB /* TodoAppUITests.xctest */;
			productType = "com.apple.product-type.bundle.ui-testing";
		};
/* End PBXNativeTarget section */

/* Begin PBXProject section */
		CE0D602F2D5A16A70001AEEB /* Project object */ = {
			isa = PBXProject;
			attributes = {
				BuildIndependentTargetsInParallel = 1;
				LastSwiftUpdateCheck = 1620;
				LastUpgradeCheck = 1620;
				TargetAttributes = {
					CE0D60362D5A16A70001AEEB = {
						CreatedOnToolsVersion = 16.2;
					};
					CE0D60462D5A16A80001AEEB = {
						CreatedOnToolsVersion = 16.2;
						TestTargetID = CE0D60362D5A16A70001AEEB;
					};
					CE0D60502D5A16A80001AEEB = {
						CreatedOnToolsVersion = 16.2;
						TestTargetID = CE0D60362D5A16A70001AEEB;
					};
				};
			};
			buildConfigurationList = CE0D60322D5A16A70001AEEB /* Build configuration list for PBXProject "TodoApp" */;
			developmentRegion = en;
			hasScannedForEncodings = 0;
			knownRegions = (
				en,
				Base,
			);
			mainGroup = CE0D602E2D5A16A70001AEEB;
			minimizedProjectReferenceProxies = 1;
			preferredProjectObjectVersion = 77;
			productRefGroup = CE0D60382D5A16A70001AEEB /* Products */;
			projectDirPath = "";
			projectRoot = "";
			targets = (
				CE0D60362D5A16A70001AEEB /* TodoApp */,
				CE0D60462D5A16A80001AEEB /* TodoAppTests */,
				CE0D60502D5A16A80001AEEB /* TodoAppUITests */,
			);
		};
/* End PBXProject section */

/* Begin PBXResourcesBuildPhase section */
		CE0D60352D5A16A70001AEEB /* Resources */ = {
			isa = PBXResourcesBuildPhase;
			buildActionMask = 2147483647;
			files = (
				CEE5A84A2D5D0E9A0034C90C /* Preview Assets.xcassets in Resources */,
				CEE5A84B2D5D0E9A0034C90C /* Assets.xcassets in Resources */,
			);
			runOnlyForDeploymentPostprocessing = 0;
		};
		CE0D60452D5A16A80001AEEB /* Resources */ = {
			isa = PBXResourcesBuildPhase;
			buildActionMask = 2147483647;
			files = (
			);
			runOnlyForDeploymentPostprocessing = 0;
		};
		CE0D604F2D5A16A80001AEEB /* Resources */ = {
			isa = PBXResourcesBuildPhase;
			buildActionMask = 2147483647;
			files = (
			);
			runOnlyForDeploymentPostprocessing = 0;
		};
/* End PBXResourcesBuildPhase section */

/* Begin PBXSourcesBuildPhase section */
		CE0D60332D5A16A70001AEEB /* Sources */ = {
			isa = PBXSourcesBuildPhase;
			buildActionMask = 2147483647;
			files = (
				CEE5A84C2D5D0E9A0034C90C /* MainCoordinator.swift in Sources */,
				CEE5A84D2D5D0E9A0034C90C /* ViewModelFactory.swift in Sources */,
				CEE5A84E2D5D0E9A0034C90C /* TodoTask.swift in Sources */,
				CEE5A84F2D5D0E9A0034C90C /* TaskService.swift in Sources */,
				CEE5A8502D5D0E9A0034C90C /* TaskStorage.swift in Sources */,
				CEE5A8512D5D0E9A0034C90C /* AnalyticsViewModel.swift in Sources */,
				CEE5A8522D5D0E9A0034C90C /* SettingsViewModel.swift in Sources */,
				CEE5A8532D5D0E9A0034C90C /* TaskDetailViewModel.swift in Sources */,
				CEE5A8542D5D0E9A0034C90C /* TaskListViewModel.swift in Sources */,
				CEE5A8552D5D0E9A0034C90C /* AnalyticsTab.swift in Sources */,
				CEE5A8562D5D0E9A0034C90C /* AnalyticsView.swift in Sources */,
				CEE5A8572D5D0E9A0034C90C /* SettingsView.swift in Sources */,
				CEE5A8582D5D0E9A0034C90C /* TaskDetailView.swift in Sources */,
				CEE5A8592D5D0E9A0034C90C /* TaskListView.swift in Sources */,
				CEE5A85A2D5D0E9A0034C90C /* TaskRowView.swift in Sources */,
				CEE5A85B2D5D0E9A0034C90C /* TasksTab.swift in Sources */,
				CEE5A85C2D5D0E9A0034C90C /* MainTabView.swift in Sources */,
				CEE5A85E2D5D0E9A0034C90C /* TodoAppApp.swift in Sources */,
			);
			runOnlyForDeploymentPostprocessing = 0;
		};
		CE0D60432D5A16A80001AEEB /* Sources */ = {
			isa = PBXSourcesBuildPhase;
			buildActionMask = 2147483647;
			files = (
			);
			runOnlyForDeploymentPostprocessing = 0;
		};
		CE0D604D2D5A16A80001AEEB /* Sources */ = {
			isa = PBXSourcesBuildPhase;
			buildActionMask = 2147483647;
			files = (
			);
			runOnlyForDeploymentPostprocessing = 0;
		};
/* End PBXSourcesBuildPhase section */

/* Begin PBXTargetDependency section */
		CE0D60492D5A16A80001AEEB /* PBXTargetDependency */ = {
			isa = PBXTargetDependency;
			target = CE0D60362D5A16A70001AEEB /* TodoApp */;
			targetProxy = CE0D60482D5A16A80001AEEB /* PBXContainerItemProxy */;
		};
		CE0D60532D5A16A80001AEEB /* PBXTargetDependency */ = {
			isa = PBXTargetDependency;
			target = CE0D60362D5A16A70001AEEB /* TodoApp */;
			targetProxy = CE0D60522D5A16A80001AEEB /* PBXContainerItemProxy */;
		};
/* End PBXTargetDependency section */

/* Begin XCBuildConfiguration section */
		CE0D60592D5A16A80001AEEB /* Debug */ = {
			isa = XCBuildConfiguration;
			buildSettings = {
				ALWAYS_SEARCH_USER_PATHS = NO;
				ASSETCATALOG_COMPILER_GENERATE_SWIFT_ASSET_SYMBOL_EXTENSIONS = YES;
				CLANG_ANALYZER_NONNULL = YES;
				CLANG_ANALYZER_NUMBER_OBJECT_CONVERSION = YES_AGGRESSIVE;
				CLANG_CXX_LANGUAGE_STANDARD = "gnu++20";
				CLANG_ENABLE_MODULES = YES;
				CLANG_ENABLE_OBJC_ARC = YES;
				CLANG_ENABLE_OBJC_WEAK = YES;
				CLANG_WARN_BLOCK_CAPTURE_AUTORELEASING = YES;
				CLANG_WARN_BOOL_CONVERSION = YES;
				CLANG_WARN_COMMA = YES;
				CLANG_WARN_CONSTANT_CONVERSION = YES;
				CLANG_WARN_DEPRECATED_OBJC_IMPLEMENTATIONS = YES;
				CLANG_WARN_DIRECT_OBJC_ISA_USAGE = YES_ERROR;
				CLANG_WARN_DOCUMENTATION_COMMENTS = YES;
				CLANG_WARN_EMPTY_BODY = YES;
				CLANG_WARN_ENUM_CONVERSION = YES;
				CLANG_WARN_INFINITE_RECURSION = YES;
				CLANG_WARN_INT_CONVERSION = YES;
				CLANG_WARN_NON_LITERAL_NULL_CONVERSION = YES;
				CLANG_WARN_OBJC_IMPLICIT_RETAIN_SELF = YES;
				CLANG_WARN_OBJC_LITERAL_CONVERSION = YES;
				CLANG_WARN_OBJC_ROOT_CLASS = YES_ERROR;
				CLANG_WARN_QUOTED_INCLUDE_IN_FRAMEWORK_HEADER = YES;
				CLANG_WARN_RANGE_LOOP_ANALYSIS = YES;
				CLANG_WARN_STRICT_PROTOTYPES = YES;
				CLANG_WARN_SUSPICIOUS_MOVE = YES;
				CLANG_WARN_UNGUARDED_AVAILABILITY = YES_AGGRESSIVE;
				CLANG_WARN_UNREACHABLE_CODE = YES;
				CLANG_WARN__DUPLICATE_METHOD_MATCH = YES;
				COPY_PHASE_STRIP = NO;
				DEBUG_INFORMATION_FORMAT = dwarf;
				ENABLE_STRICT_OBJC_MSGSEND = YES;
				ENABLE_TESTABILITY = YES;
				ENABLE_USER_SCRIPT_SANDBOXING = YES;
				GCC_C_LANGUAGE_STANDARD = gnu17;
				GCC_DYNAMIC_NO_PIC = NO;
				GCC_NO_COMMON_BLOCKS = YES;
				GCC_OPTIMIZATION_LEVEL = 0;
				GCC_PREPROCESSOR_DEFINITIONS = (
					"DEBUG=1",
					"$(inherited)",
				);
				GCC_WARN_64_TO_32_BIT_CONVERSION = YES;
				GCC_WARN_ABOUT_RETURN_TYPE = YES_ERROR;
				GCC_WARN_UNDECLARED_SELECTOR = YES;
				GCC_WARN_UNINITIALIZED_AUTOS = YES_AGGRESSIVE;
				GCC_WARN_UNUSED_FUNCTION = YES;
				GCC_WARN_UNUSED_VARIABLE = YES;
				IPHONEOS_DEPLOYMENT_TARGET = 18.2;
				LOCALIZATION_PREFERS_STRING_CATALOGS = YES;
				MTL_ENABLE_DEBUG_INFO = INCLUDE_SOURCE;
				MTL_FAST_MATH = YES;
				ONLY_ACTIVE_ARCH = YES;
				SDKROOT = iphoneos;
				SWIFT_ACTIVE_COMPILATION_CONDITIONS = "DEBUG $(inherited)";
				SWIFT_OPTIMIZATION_LEVEL = "-Onone";
			};
			name = Debug;
		};
		CE0D605A2D5A16A80001AEEB /* Release */ = {
			isa = XCBuildConfiguration;
			buildSettings = {
				ALWAYS_SEARCH_USER_PATHS = NO;
				ASSETCATALOG_COMPILER_GENERATE_SWIFT_ASSET_SYMBOL_EXTENSIONS = YES;
				CLANG_ANALYZER_NONNULL = YES;
				CLANG_ANALYZER_NUMBER_OBJECT_CONVERSION = YES_AGGRESSIVE;
				CLANG_CXX_LANGUAGE_STANDARD = "gnu++20";
				CLANG_ENABLE_MODULES = YES;
				CLANG_ENABLE_OBJC_ARC = YES;
				CLANG_ENABLE_OBJC_WEAK = YES;
				CLANG_WARN_BLOCK_CAPTURE_AUTORELEASING = YES;
				CLANG_WARN_BOOL_CONVERSION = YES;
				CLANG_WARN_COMMA = YES;
				CLANG_WARN_CONSTANT_CONVERSION = YES;
				CLANG_WARN_DEPRECATED_OBJC_IMPLEMENTATIONS = YES;
				CLANG_WARN_DIRECT_OBJC_ISA_USAGE = YES_ERROR;
				CLANG_WARN_DOCUMENTATION_COMMENTS = YES;
				CLANG_WARN_EMPTY_BODY = YES;
				CLANG_WARN_ENUM_CONVERSION = YES;
				CLANG_WARN_INFINITE_RECURSION = YES;
				CLANG_WARN_INT_CONVERSION = YES;
				CLANG_WARN_NON_LITERAL_NULL_CONVERSION = YES;
				CLANG_WARN_OBJC_IMPLICIT_RETAIN_SELF = YES;
				CLANG_WARN_OBJC_LITERAL_CONVERSION = YES;
				CLANG_WARN_OBJC_ROOT_CLASS = YES_ERROR;
				CLANG_WARN_QUOTED_INCLUDE_IN_FRAMEWORK_HEADER = YES;
				CLANG_WARN_RANGE_LOOP_ANALYSIS = YES;
				CLANG_WARN_STRICT_PROTOTYPES = YES;
				CLANG_WARN_SUSPICIOUS_MOVE = YES;
				CLANG_WARN_UNGUARDED_AVAILABILITY = YES_AGGRESSIVE;
				CLANG_WARN_UNREACHABLE_CODE = YES;
				CLANG_WARN__DUPLICATE_METHOD_MATCH = YES;
				COPY_PHASE_STRIP = NO;
				DEBUG_INFORMATION_FORMAT = "dwarf-with-dsym";
				ENABLE_NS_ASSERTIONS = NO;
				ENABLE_STRICT_OBJC_MSGSEND = YES;
				ENABLE_USER_SCRIPT_SANDBOXING = YES;
				GCC_C_LANGUAGE_STANDARD = gnu17;
				GCC_NO_COMMON_BLOCKS = YES;
				GCC_WARN_64_TO_32_BIT_CONVERSION = YES;
				GCC_WARN_ABOUT_RETURN_TYPE = YES_ERROR;
				GCC_WARN_UNDECLARED_SELECTOR = YES;
				GCC_WARN_UNINITIALIZED_AUTOS = YES_AGGRESSIVE;
				GCC_WARN_UNUSED_FUNCTION = YES;
				GCC_WARN_UNUSED_VARIABLE = YES;
				IPHONEOS_DEPLOYMENT_TARGET = 18.2;
				LOCALIZATION_PREFERS_STRING_CATALOGS = YES;
				MTL_ENABLE_DEBUG_INFO = NO;
				MTL_FAST_MATH = YES;
				SDKROOT = iphoneos;
				SWIFT_COMPILATION_MODE = wholemodule;
				VALIDATE_PRODUCT = YES;
			};
			name = Release;
		};
		CE0D605C2D5A16A80001AEEB /* Debug */ = {
			isa = XCBuildConfiguration;
			buildSettings = {
				ASSETCATALOG_COMPILER_APPICON_NAME = AppIcon;
				ASSETCATALOG_COMPILER_GLOBAL_ACCENT_COLOR_NAME = AccentColor;
				CODE_SIGN_STYLE = Automatic;
				CURRENT_PROJECT_VERSION = 1;
				DEVELOPMENT_ASSET_PATHS = "\"TodoApp/Preview Content\"";
				DEVELOPMENT_TEAM = F43KA2X29F;
				ENABLE_PREVIEWS = YES;
				GENERATE_INFOPLIST_FILE = YES;
				INFOPLIST_KEY_UIApplicationSceneManifest_Generation = YES;
				INFOPLIST_KEY_UIApplicationSupportsIndirectInputEvents = YES;
				INFOPLIST_KEY_UILaunchScreen_Generation = YES;
				INFOPLIST_KEY_UISupportedInterfaceOrientations_iPad = "UIInterfaceOrientationPortrait UIInterfaceOrientationPortraitUpsideDown UIInterfaceOrientationLandscapeLeft UIInterfaceOrientationLandscapeRight";
				INFOPLIST_KEY_UISupportedInterfaceOrientations_iPhone = "UIInterfaceOrientationPortrait UIInterfaceOrientationLandscapeLeft UIInterfaceOrientationLandscapeRight";
				LD_RUNPATH_SEARCH_PATHS = (
					"$(inherited)",
					"@executable_path/Frameworks",
				);
				MARKETING_VERSION = 1.0;
				PRODUCT_BUNDLE_IDENTIFIER = com.appworld1.TodoApp;
				PRODUCT_NAME = "$(TARGET_NAME)";
				SWIFT_EMIT_LOC_STRINGS = YES;
				SWIFT_VERSION = 5.0;
				TARGETED_DEVICE_FAMILY = "1,2";
			};
			name = Debug;
		};
		CE0D605D2D5A16A80001AEEB /* Release */ = {
			isa = XCBuildConfiguration;
			buildSettings = {
				ASSETCATALOG_COMPILER_APPICON_NAME = AppIcon;
				ASSETCATALOG_COMPILER_GLOBAL_ACCENT_COLOR_NAME = AccentColor;
				CODE_SIGN_STYLE = Automatic;
				CURRENT_PROJECT_VERSION = 1;
				DEVELOPMENT_ASSET_PATHS = "\"TodoApp/Preview Content\"";
				DEVELOPMENT_TEAM = F43KA2X29F;
				ENABLE_PREVIEWS = YES;
				GENERATE_INFOPLIST_FILE = YES;
				INFOPLIST_KEY_UIApplicationSceneManifest_Generation = YES;
				INFOPLIST_KEY_UIApplicationSupportsIndirectInputEvents = YES;
				INFOPLIST_KEY_UILaunchScreen_Generation = YES;
				INFOPLIST_KEY_UISupportedInterfaceOrientations_iPad = "UIInterfaceOrientationPortrait UIInterfaceOrientationPortraitUpsideDown UIInterfaceOrientationLandscapeLeft UIInterfaceOrientationLandscapeRight";
				INFOPLIST_KEY_UISupportedInterfaceOrientations_iPhone = "UIInterfaceOrientationPortrait UIInterfaceOrientationLandscapeLeft UIInterfaceOrientationLandscapeRight";
				LD_RUNPATH_SEARCH_PATHS = (
					"$(inherited)",
					"@executable_path/Frameworks",
				);
				MARKETING_VERSION = 1.0;
				PRODUCT_BUNDLE_IDENTIFIER = com.appworld1.TodoApp;
				PRODUCT_NAME = "$(TARGET_NAME)";
				SWIFT_EMIT_LOC_STRINGS = YES;
				SWIFT_VERSION = 5.0;
				TARGETED_DEVICE_FAMILY = "1,2";
			};
			name = Release;
		};
		CE0D605F2D5A16A80001AEEB /* Debug */ = {
			isa = XCBuildConfiguration;
			buildSettings = {
				BUNDLE_LOADER = "$(TEST_HOST)";
				CODE_SIGN_STYLE = Automatic;
				CURRENT_PROJECT_VERSION = 1;
				DEVELOPMENT_TEAM = F43KA2X29F;
				GENERATE_INFOPLIST_FILE = YES;
				IPHONEOS_DEPLOYMENT_TARGET = 18.2;
				MARKETING_VERSION = 1.0;
				PRODUCT_BUNDLE_IDENTIFIER = com.appworld1.PracticAppTests;
				PRODUCT_NAME = "$(TARGET_NAME)";
				SWIFT_EMIT_LOC_STRINGS = NO;
				SWIFT_VERSION = 5.0;
				TARGETED_DEVICE_FAMILY = "1,2";
				TEST_HOST = "$(BUILT_PRODUCTS_DIR)/TodoApp.app/$(BUNDLE_EXECUTABLE_FOLDER_PATH)/TodoApp";
			};
			name = Debug;
		};
		CE0D60602D5A16A80001AEEB /* Release */ = {
			isa = XCBuildConfiguration;
			buildSettings = {
				BUNDLE_LOADER = "$(TEST_HOST)";
				CODE_SIGN_STYLE = Automatic;
				CURRENT_PROJECT_VERSION = 1;
				DEVELOPMENT_TEAM = F43KA2X29F;
				GENERATE_INFOPLIST_FILE = YES;
				IPHONEOS_DEPLOYMENT_TARGET = 18.2;
				MARKETING_VERSION = 1.0;
				PRODUCT_BUNDLE_IDENTIFIER = com.appworld1.PracticAppTests;
				PRODUCT_NAME = "$(TARGET_NAME)";
				SWIFT_EMIT_LOC_STRINGS = NO;
				SWIFT_VERSION = 5.0;
				TARGETED_DEVICE_FAMILY = "1,2";
				TEST_HOST = "$(BUILT_PRODUCTS_DIR)/TodoApp.app/$(BUNDLE_EXECUTABLE_FOLDER_PATH)/TodoApp";
			};
			name = Release;
		};
		CE0D60622D5A16A80001AEEB /* Debug */ = {
			isa = XCBuildConfiguration;
			buildSettings = {
				CODE_SIGN_STYLE = Automatic;
				CURRENT_PROJECT_VERSION = 1;
				DEVELOPMENT_TEAM = F43KA2X29F;
				GENERATE_INFOPLIST_FILE = YES;
				MARKETING_VERSION = 1.0;
				PRODUCT_BUNDLE_IDENTIFIER = com.appworld1.PracticAppUITests;
				PRODUCT_NAME = "$(TARGET_NAME)";
				SWIFT_EMIT_LOC_STRINGS = NO;
				SWIFT_VERSION = 5.0;
				TARGETED_DEVICE_FAMILY = "1,2";
				TEST_TARGET_NAME = PracticApp;
			};
			name = Debug;
		};
		CE0D60632D5A16A80001AEEB /* Release */ = {
			isa = XCBuildConfiguration;
			buildSettings = {
				CODE_SIGN_STYLE = Automatic;
				CURRENT_PROJECT_VERSION = 1;
				DEVELOPMENT_TEAM = F43KA2X29F;
				GENERATE_INFOPLIST_FILE = YES;
				MARKETING_VERSION = 1.0;
				PRODUCT_BUNDLE_IDENTIFIER = com.appworld1.PracticAppUITests;
				PRODUCT_NAME = "$(TARGET_NAME)";
				SWIFT_EMIT_LOC_STRINGS = NO;
				SWIFT_VERSION = 5.0;
				TARGETED_DEVICE_FAMILY = "1,2";
				TEST_TARGET_NAME = PracticApp;
			};
			name = Release;
		};
/* End XCBuildConfiguration section */

/* Begin XCConfigurationList section */
		CE0D60322D5A16A70001AEEB /* Build configuration list for PBXProject "TodoApp" */ = {
			isa = XCConfigurationList;
			buildConfigurations = (
				CE0D60592D5A16A80001AEEB /* Debug */,
				CE0D605A2D5A16A80001AEEB /* Release */,
			);
			defaultConfigurationIsVisible = 0;
			defaultConfigurationName = Release;
		};
		CE0D605B2D5A16A80001AEEB /* Build configuration list for PBXNativeTarget "TodoApp" */ = {
			isa = XCConfigurationList;
			buildConfigurations = (
				CE0D605C2D5A16A80001AEEB /* Debug */,
				CE0D605D2D5A16A80001AEEB /* Release */,
			);
			defaultConfigurationIsVisible = 0;
			defaultConfigurationName = Release;
		};
		CE0D605E2D5A16A80001AEEB /* Build configuration list for PBXNativeTarget "TodoAppTests" */ = {
			isa = XCConfigurationList;
			buildConfigurations = (
				CE0D605F2D5A16A80001AEEB /* Debug */,
				CE0D60602D5A16A80001AEEB /* Release */,
			);
			defaultConfigurationIsVisible = 0;
			defaultConfigurationName = Release;
		};
		CE0D60612D5A16A80001AEEB /* Build configuration list for PBXNativeTarget "TodoAppUITests" */ = {
			isa = XCConfigurationList;
			buildConfigurations = (
				CE0D60622D5A16A80001AEEB /* Debug */,
				CE0D60632D5A16A80001AEEB /* Release */,
			);
			defaultConfigurationIsVisible = 0;
			defaultConfigurationName = Release;
		};
/* End XCConfigurationList section */
	};
	rootObject = CE0D602F2D5A16A70001AEEB /* Project object */;
}
